<?xml version="1.0" encoding="UTF-8" standalone="yes" ?>
<CodeBlocks_project_file>
	<FileVersion major="1" minor="6" />
	<Project>
		<Option title="Proyecto" />
		<Option pch_mode="2" />
		<Option compiler="gcc" />
		<Build>
			<Target title="Debug">
				<Option output="bin/Debug/Proyecto" prefix_auto="1" extension_auto="1" />
				<Option object_output="obj/Debug/" />
				<Option type="1" />
				<Option compiler="gcc" />
				<Compiler>
					<Add option="-g" />
					<Add directory="include" />
				</Compiler>
			</Target>
			<Target title="Release">
				<Option output="bin/Release/Proyecto" prefix_auto="1" extension_auto="1" />
				<Option object_output="obj/Release/" />
				<Option type="1" />
				<Option compiler="gcc" />
				<Compiler>
					<Add option="-O2" />
					<Add directory="include" />
				</Compiler>
				<Linker>
					<Add option="-s" />
				</Linker>
			</Target>
		</Build>
		<Compiler>
			<Add option="-Wall" />
			<Add option="-fexceptions" />
		</Compiler>
		<Unit filename="db/configuraciones.sar" />
		<Unit filename="include/CheckConfig.h" />
		<Unit filename="include/ConfiguracionModelDB.h" />
		<Unit filename="include/DataBase.h" />
		<Unit filename="include/Definiciones.h" />
		<Unit filename="include/Emplado.h" />
		<Unit filename="include/Fecha.h" />
		<Unit filename="include/Gerente.h" />
		<Unit filename="include/Login.h" />
		<Unit filename="include/MarcarIngreso.h" />
		<Unit filename="include/Persona.h" />
		<Unit filename="include/Rol.h" />
		<Unit filename="include/Roles.h" />
		<Unit filename="include/UiConsola.h" />
		<Unit filename="include/resource.h" />
		<Unit filename="src/CheckConfig.cpp" />
		<Unit filename="src/ConfiguracionModelDB.cpp" />
		<Unit filename="src/DataBase.cpp" />
		<Unit filename="src/Emplado.cpp" />
		<Unit filename="src/Fecha.cpp" />
		<Unit filename="src/Gerente.cpp" />
		<Unit filename="src/Login.cpp" />
		<Unit filename="src/MarcarIngreso.cpp" />
		<Unit filename="src/Persona.cpp" />
		<Unit filename="src/ProyectoFinal.cpp" />
		<Unit filename="src/Rol.cpp" />
		<Unit filename="src/Roles.cpp" />
		<Unit filename="src/UiConsola.cpp" />
		<Unit filename="src/configurarSistema.cpp" />
		<Extensions>
			<lib_finder disable_auto="1" />
		</Extensions>
	</Project>
</CodeBlocks_project_file>
